
Microsoft Visual Studio Solution File, Format Version 12.00
# Visual Studio Version 17
VisualStudioVersion = 17.6.33815.320
MinimumVisualStudioVersion = 10.0.40219.1
Project("{54A90642-561A-4BB1-A94E-469ADEE60C69}") = "vueapp", "vueapp\vueapp.esproj", "{BEA8924D-CB61-4E95-8A8B-DAE206727719}"
EndProject
Project("{9A19103F-16F7-4668-BE54-9A1E7A4F7556}") = "webapi", "webapi\webapi.csproj", "{EB770D72-EE4D-4513-8F4B-93DB16D53904}"
EndProject
Global
	GlobalSection(SolutionConfigurationPlatforms) = preSolution
		Debug|Any CPU = Debug|Any CPU
		Release|Any CPU = Release|Any CPU
	EndGlobalSection
	GlobalSection(ProjectConfigurationPlatforms) = postSolution
		{BEA8924D-CB61-4E95-8A8B-DAE206727719}.Debug|Any CPU.ActiveCfg = Debug|Any CPU
		{BEA8924D-CB61-4E95-8A8B-DAE206727719}.Debug|Any CPU.Build.0 = Debug|Any CPU
		{BEA8924D-CB61-4E95-8A8B-DAE206727719}.Debug|Any CPU.Deploy.0 = Debug|Any CPU
		{BEA8924D-CB61-4E95-8A8B-DAE206727719}.Release|Any CPU.ActiveCfg = Release|Any CPU
		{BEA8924D-CB61-4E95-8A8B-DAE206727719}.Release|Any CPU.Build.0 = Release|Any CPU
		{BEA8924D-CB61-4E95-8A8B-DAE206727719}.Release|Any CPU.Deploy.0 = Release|Any CPU
		{EB770D72-EE4D-4513-8F4B-93DB16D53904}.Debug|Any CPU.ActiveCfg = Debug|Any CPU
		{EB770D72-EE4D-4513-8F4B-93DB16D53904}.Debug|Any CPU.Build.0 = Debug|Any CPU
		{EB770D72-EE4D-4513-8F4B-93DB16D53904}.Release|Any CPU.ActiveCfg = Release|Any CPU
		{EB770D72-EE4D-4513-8F4B-93DB16D53904}.Release|Any CPU.Build.0 = Release|Any CPU
	EndGlobalSection
	GlobalSection(SolutionProperties) = preSolution
		HideSolutionNode = FALSE
	EndGlobalSection
	GlobalSection(ExtensibilityGlobals) = postSolution
		SolutionGuid = {23377998-50B8-41C0-9E2A-471D1405F774}
	EndGlobalSection
EndGlobal
